
Microsoft Visual Studio Solution File, Format Version 12.00
# Visual Studio Version 17
VisualStudioVersion = 17.2.32519.379
MinimumVisualStudioVersion = 10.0.40219.1
Project("{FAE04EC0-301F-11D3-BF4B-00C04F79EFBC}") = "ProductAPI", "ProductAPI\ProductAPI.csproj", "{420AE8C4-69F0-4A1F-AAF0-767F681AE35C}"
EndProject
Global
	GlobalSection(SolutionConfigurationPlatforms) = preSolution
		Debug|Any CPU = Debug|Any CPU
		Release|Any CPU = Release|Any CPU
	EndGlobalSection
	GlobalSection(ProjectConfigurationPlatforms) = postSolution
		{420AE8C4-69F0-4A1F-AAF0-767F681AE35C}.Debug|Any CPU.ActiveCfg = Debug|Any CPU
		{420AE8C4-69F0-4A1F-AAF0-767F681AE35C}.Debug|Any CPU.Build.0 = Debug|Any CPU
		{420AE8C4-69F0-4A1F-AAF0-767F681AE35C}.Release|Any CPU.ActiveCfg = Release|Any CPU
		{420AE8C4-69F0-4A1F-AAF0-767F681AE35C}.Release|Any CPU.Build.0 = Release|Any CPU
	EndGlobalSection
	GlobalSection(SolutionProperties) = preSolution
		HideSolutionNode = FALSE
	EndGlobalSection
	GlobalSection(ExtensibilityGlobals) = postSolution
		SolutionGuid = {5CC593DA-C7A8-4D5D-B53B-A39911B4873D}
	EndGlobalSection
EndGlobal
